
Microsoft Visual Studio Solution File, Format Version 12.00
# Visual Studio Version 17
VisualStudioVersion = 17.8.34408.163
MinimumVisualStudioVersion = 10.0.40219.1
Project("{FAE04EC0-301F-11D3-BF4B-00C04F79EFBC}") = "Movie", "Shipping\Movie.csproj", "{22985EC5-DA2A-44D3-B89A-31E091FBF7EE}"
EndProject
Project("{FAE04EC0-301F-11D3-BF4B-00C04F79EFBC}") = "DALLlilbrary", "DALLlilbrary\DALLlilbrary.csproj", "{DD4C7D94-FA50-413B-A598-00646A3A318B}"
EndProject
Project("{FAE04EC0-301F-11D3-BF4B-00C04F79EFBC}") = "TrailersWS", "TrailersWS\TrailersWS.csproj", "{5B7CF9CB-24C2-4B90-B504-3E8A797B75AD}"
EndProject
Global
	GlobalSection(SolutionConfigurationPlatforms) = preSolution
		Debug|Any CPU = Debug|Any CPU
		Release|Any CPU = Release|Any CPU
	EndGlobalSection
	GlobalSection(ProjectConfigurationPlatforms) = postSolution
		{22985EC5-DA2A-44D3-B89A-31E091FBF7EE}.Debug|Any CPU.ActiveCfg = Debug|Any CPU
		{22985EC5-DA2A-44D3-B89A-31E091FBF7EE}.Debug|Any CPU.Build.0 = Debug|Any CPU
		{22985EC5-DA2A-44D3-B89A-31E091FBF7EE}.Release|Any CPU.ActiveCfg = Release|Any CPU
		{22985EC5-DA2A-44D3-B89A-31E091FBF7EE}.Release|Any CPU.Build.0 = Release|Any CPU
		{DD4C7D94-FA50-413B-A598-00646A3A318B}.Debug|Any CPU.ActiveCfg = Debug|Any CPU
		{DD4C7D94-FA50-413B-A598-00646A3A318B}.Debug|Any CPU.Build.0 = Debug|Any CPU
		{DD4C7D94-FA50-413B-A598-00646A3A318B}.Release|Any CPU.ActiveCfg = Release|Any CPU
		{DD4C7D94-FA50-413B-A598-00646A3A318B}.Release|Any CPU.Build.0 = Release|Any CPU
		{5B7CF9CB-24C2-4B90-B504-3E8A797B75AD}.Debug|Any CPU.ActiveCfg = Debug|Any CPU
		{5B7CF9CB-24C2-4B90-B504-3E8A797B75AD}.Debug|Any CPU.Build.0 = Debug|Any CPU
		{5B7CF9CB-24C2-4B90-B504-3E8A797B75AD}.Release|Any CPU.ActiveCfg = Release|Any CPU
		{5B7CF9CB-24C2-4B90-B504-3E8A797B75AD}.Release|Any CPU.Build.0 = Release|Any CPU
	EndGlobalSection
	GlobalSection(SolutionProperties) = preSolution
		HideSolutionNode = FALSE
	EndGlobalSection
	GlobalSection(ExtensibilityGlobals) = postSolution
		SolutionGuid = {CCCB7B47-6E67-4A54-9703-666F8E258DE5}
	EndGlobalSection
EndGlobal
